
Microsoft Visual Studio Solution File, Format Version 12.00
# Visual Studio Version 16
VisualStudioVersion = 16.0.29926.136
MinimumVisualStudioVersion = 10.0.40219.1
Project("{FAE04EC0-301F-11D3-BF4B-00C04F79EFBC}") = "Gemini", "Gemini.csproj", "{E2F08633-A417-4427-9C6E-CE491B784F17}"
EndProject
Project("{FAE04EC0-301F-11D3-BF4B-00C04F79EFBC}") = "GeminiGUI", "GeminiGUI\GeminiGUI.csproj", "{D01A0CF1-A8C5-4E7A-A71B-F25F258F4E1B}"
EndProject
Global
	GlobalSection(SolutionConfigurationPlatforms) = preSolution
		Debug|Any CPU = Debug|Any CPU
		Release|Any CPU = Release|Any CPU
	EndGlobalSection
	GlobalSection(ProjectConfigurationPlatforms) = postSolution
		{E2F08633-A417-4427-9C6E-CE491B784F17}.Debug|Any CPU.ActiveCfg = Debug|Any CPU
		{E2F08633-A417-4427-9C6E-CE491B784F17}.Debug|Any CPU.Build.0 = Debug|Any CPU
		{E2F08633-A417-4427-9C6E-CE491B784F17}.Release|Any CPU.ActiveCfg = Release|Any CPU
		{E2F08633-A417-4427-9C6E-CE491B784F17}.Release|Any CPU.Build.0 = Release|Any CPU
		{D01A0CF1-A8C5-4E7A-A71B-F25F258F4E1B}.Debug|Any CPU.ActiveCfg = Debug|Any CPU
		{D01A0CF1-A8C5-4E7A-A71B-F25F258F4E1B}.Debug|Any CPU.Build.0 = Debug|Any CPU
		{D01A0CF1-A8C5-4E7A-A71B-F25F258F4E1B}.Release|Any CPU.ActiveCfg = Release|Any CPU
		{D01A0CF1-A8C5-4E7A-A71B-F25F258F4E1B}.Release|Any CPU.Build.0 = Release|Any CPU
	EndGlobalSection
	GlobalSection(SolutionProperties) = preSolution
		HideSolutionNode = FALSE
	EndGlobalSection
	GlobalSection(ExtensibilityGlobals) = postSolution
		SolutionGuid = {397CB721-1249-4CB9-BE10-F2F95B886C44}
	EndGlobalSection
EndGlobal
